
Microsoft Visual Studio Solution File, Format Version 12.00
# Visual Studio Version 17
VisualStudioVersion = 17.11.35327.3
MinimumVisualStudioVersion = 10.0.40219.1
Project("{9A19103F-16F7-4668-BE54-9A1E7A4F7556}") = "API", "API.csproj", "{56948BB3-1BB9-4748-AB12-0E5876AE8CEF}"
EndProject
Project("{9A19103F-16F7-4668-BE54-9A1E7A4F7556}") = "OperationalTransformation", "..\Synchronization\OperationalTransformation\OperationalTransformation.csproj", "{FA62FE4E-CAE3-4622-A568-65E1345F6A77}"
EndProject
Project("{9A19103F-16F7-4668-BE54-9A1E7A4F7556}") = "OperationalTransformation.Test", "..\Synchronization\OperationalTransformation.Test\OperationalTransformation.Test.csproj", "{F8C94433-B401-4BB7-8D3D-F8447690DE72}"
EndProject
Global
	GlobalSection(SolutionConfigurationPlatforms) = preSolution
		Debug|Any CPU = Debug|Any CPU
		Release|Any CPU = Release|Any CPU
	EndGlobalSection
	GlobalSection(ProjectConfigurationPlatforms) = postSolution
		{56948BB3-1BB9-4748-AB12-0E5876AE8CEF}.Debug|Any CPU.ActiveCfg = Debug|Any CPU
		{56948BB3-1BB9-4748-AB12-0E5876AE8CEF}.Debug|Any CPU.Build.0 = Debug|Any CPU
		{56948BB3-1BB9-4748-AB12-0E5876AE8CEF}.Release|Any CPU.ActiveCfg = Release|Any CPU
		{56948BB3-1BB9-4748-AB12-0E5876AE8CEF}.Release|Any CPU.Build.0 = Release|Any CPU
		{FA62FE4E-CAE3-4622-A568-65E1345F6A77}.Debug|Any CPU.ActiveCfg = Debug|Any CPU
		{FA62FE4E-CAE3-4622-A568-65E1345F6A77}.Debug|Any CPU.Build.0 = Debug|Any CPU
		{FA62FE4E-CAE3-4622-A568-65E1345F6A77}.Release|Any CPU.ActiveCfg = Release|Any CPU
		{FA62FE4E-CAE3-4622-A568-65E1345F6A77}.Release|Any CPU.Build.0 = Release|Any CPU
		{F8C94433-B401-4BB7-8D3D-F8447690DE72}.Debug|Any CPU.ActiveCfg = Debug|Any CPU
		{F8C94433-B401-4BB7-8D3D-F8447690DE72}.Debug|Any CPU.Build.0 = Debug|Any CPU
		{F8C94433-B401-4BB7-8D3D-F8447690DE72}.Release|Any CPU.ActiveCfg = Release|Any CPU
		{F8C94433-B401-4BB7-8D3D-F8447690DE72}.Release|Any CPU.Build.0 = Release|Any CPU
	EndGlobalSection
	GlobalSection(SolutionProperties) = preSolution
		HideSolutionNode = FALSE
	EndGlobalSection
	GlobalSection(ExtensibilityGlobals) = postSolution
		SolutionGuid = {ACF717A4-9EC8-49C6-B936-3E5F9E6F040A}
	EndGlobalSection
EndGlobal
